{
  "name": "enhanced-embed-block",
  "version": "0.1.0",
  "lockfileVersion": 3,
  "requires": true,
  "packages": {
    "": {
      "name": "enhanced-embed-block",
      "version": "0.1.0",
      "devDependencies": {
        "@justinribeiro/lite-youtube": "^1.5.0"
      }
    },
    "node_modules/@justinribeiro/lite-youtube": {
      "version": "1.8.0",
      "resolved": "https://registry.npmjs.org/@justinribeiro/lite-youtube/-/lite-youtube-1.8.0.tgz",
      "integrity": "sha512-gUD2t+vCKnS8Ctf0QKGOEVkgk1aQDoRuB5arBOUJHbTy2ILtwGwKlf9cLY40jZp0FWxlv+ku4aviV3FPYKQY5w==",
      "dev": true
    }
  }
}
