{
  "name": "enhanced-embed-block",
  "version": "0.1.0",
  "lockfileVersion": 3,
  "requires": true,
  "packages": {
    "": {
      "name": "enhanced-embed-block",
      "version": "0.1.0",
      "devDependencies": {
        "@cshawaus/lite-vimeo": "^1.0.2",
        "@justinribeiro/lite-youtube": "^1.8.1"
      }
    },
    "node_modules/@cshawaus/lite-vimeo": {
      "version": "1.0.2",
      "resolved": "https://registry.npmjs.org/@cshawaus/lite-vimeo/-/lite-vimeo-1.0.2.tgz",
      "integrity": "sha512-m512WiewFb3tlsIkAj1CO2wqISz0i8DHdzPAZRi1/tnWnp/dpK3zbekBS1RCIxIyS+Pri/tY25djXnOg7O+Asw==",
      "dev": true,
      "hasInstallScript": true,
      "engines": {
        "node": ">= 22",
        "pnpm": ">= 10"
      }
    },
    "node_modules/@justinribeiro/lite-youtube": {
      "version": "1.8.1",
      "resolved": "https://registry.npmjs.org/@justinribeiro/lite-youtube/-/lite-youtube-1.8.1.tgz",
      "integrity": "sha512-b64RclJsQoONgIjayk/2wPqwrCdxcb2ZBR49cS6Tgt858vj7eKJYhekwgYBRn61tDDflkYedK+KOkrdBZVnwRQ==",
      "dev": true
    }
  }
}
