{
  "name": "lite-embed-for-youtube",
  "version": "0.1.0",
  "lockfileVersion": 3,
  "requires": true,
  "packages": {
    "": {
      "name": "lite-embed-for-youtube",
      "version": "0.1.0",
      "dependencies": {
        "@justinribeiro/lite-youtube": "^1.5.0"
      }
    },
    "node_modules/@justinribeiro/lite-youtube": {
      "version": "1.5.0",
      "resolved": "https://registry.npmjs.org/@justinribeiro/lite-youtube/-/lite-youtube-1.5.0.tgz",
      "integrity": "sha512-TU92RKtz9BI9PRYrVwDIUsnFadLZtqRKWl1ZOdbxb7roJDb8Dd/xURllAsLEmCg6oJNyhXlVa5RsnUc0EKd8Cw=="
    }
  }
}
